{
  "name": "proyectogeneradata",
  "version": "1.0.0",
  "lockfileVersion": 2,
  "requires": true,
  "packages": {
    "": {
      "name": "proyectogeneradata",
      "version": "1.0.0",
      "license": "ISC",
      "dependencies": {
        "xmlhttprequest": "^1.8.0"
      },
      "devDependencies": {
        "@faker-js/faker": "^7.6.0",
        "@playwright/test": "^1.28.0"
      }
    },
    "node_modules/@faker-js/faker": {
      "version": "7.6.0",
      "resolved": "https://registry.npmjs.org/@faker-js/faker/-/faker-7.6.0.tgz",
      "integrity": "sha512-XK6BTq1NDMo9Xqw/YkYyGjSsg44fbNwYRx7QK2CuoQgyy+f1rrTDHoExVM5PsyXCtfl2vs2vVJ0MN0yN6LppRw==",
      "dev": true,
      "engines": {
        "node": ">=14.0.0",
        "npm": ">=6.0.0"
      }
    },
    "node_modules/@playwright/test": {
      "version": "1.28.0",
      "resolved": "https://registry.npmjs.org/@playwright/test/-/test-1.28.0.tgz",
      "integrity": "sha512-vrHs5DFTPwYox5SGKq/7TDn/S4q6RA1zArd7uhO6EyP9hj3XgZBBM12ktMbnDQNxh/fL1IUKsTNLxihmsU38lQ==",
      "dev": true,
      "dependencies": {
        "@types/node": "*",
        "playwright-core": "1.28.0"
      },
      "bin": {
        "playwright": "cli.js"
      },
      "engines": {
        "node": ">=14"
      }
    },
    "node_modules/@types/node": {
      "version": "18.11.9",
      "resolved": "https://registry.npmjs.org/@types/node/-/node-18.11.9.tgz",
      "integrity": "sha512-CRpX21/kGdzjOpFsZSkcrXMGIBWMGNIHXXBVFSH+ggkftxg+XYP20TESbh+zFvFj3EQOl5byk0HTRn1IL6hbqg==",
      "dev": true
    },
    "node_modules/playwright-core": {
      "version": "1.28.0",
      "resolved": "https://registry.npmjs.org/playwright-core/-/playwright-core-1.28.0.tgz",
      "integrity": "sha512-nJLknd28kPBiCNTbqpu6Wmkrh63OEqJSFw9xOfL9qxfNwody7h6/L3O2dZoWQ6Oxcm0VOHjWmGiCUGkc0X3VZA==",
      "dev": true,
      "bin": {
        "playwright": "cli.js"
      },
      "engines": {
        "node": ">=14"
      }
    },
    "node_modules/xmlhttprequest": {
      "version": "1.8.0",
      "resolved": "https://registry.npmjs.org/xmlhttprequest/-/xmlhttprequest-1.8.0.tgz",
      "integrity": "sha512-58Im/U0mlVBLM38NdZjHyhuMtCqa61469k2YP/AaPbvCoV9aQGUpbJBj1QRm2ytRiVQBD/fsw7L2bJGDVQswBA==",
      "engines": {
        "node": ">=0.4.0"
      }
    }
  },
  "dependencies": {
    "@faker-js/faker": {
      "version": "7.6.0",
      "resolved": "https://registry.npmjs.org/@faker-js/faker/-/faker-7.6.0.tgz",
      "integrity": "sha512-XK6BTq1NDMo9Xqw/YkYyGjSsg44fbNwYRx7QK2CuoQgyy+f1rrTDHoExVM5PsyXCtfl2vs2vVJ0MN0yN6LppRw==",
      "dev": true
    },
    "@playwright/test": {
      "version": "1.28.0",
      "resolved": "https://registry.npmjs.org/@playwright/test/-/test-1.28.0.tgz",
      "integrity": "sha512-vrHs5DFTPwYox5SGKq/7TDn/S4q6RA1zArd7uhO6EyP9hj3XgZBBM12ktMbnDQNxh/fL1IUKsTNLxihmsU38lQ==",
      "dev": true,
      "requires": {
        "@types/node": "*",
        "playwright-core": "1.28.0"
      }
    },
    "@types/node": {
      "version": "18.11.9",
      "resolved": "https://registry.npmjs.org/@types/node/-/node-18.11.9.tgz",
      "integrity": "sha512-CRpX21/kGdzjOpFsZSkcrXMGIBWMGNIHXXBVFSH+ggkftxg+XYP20TESbh+zFvFj3EQOl5byk0HTRn1IL6hbqg==",
      "dev": true
    },
    "playwright-core": {
      "version": "1.28.0",
      "resolved": "https://registry.npmjs.org/playwright-core/-/playwright-core-1.28.0.tgz",
      "integrity": "sha512-nJLknd28kPBiCNTbqpu6Wmkrh63OEqJSFw9xOfL9qxfNwody7h6/L3O2dZoWQ6Oxcm0VOHjWmGiCUGkc0X3VZA==",
      "dev": true
    },
    "xmlhttprequest": {
      "version": "1.8.0",
      "resolved": "https://registry.npmjs.org/xmlhttprequest/-/xmlhttprequest-1.8.0.tgz",
      "integrity": "sha512-58Im/U0mlVBLM38NdZjHyhuMtCqa61469k2YP/AaPbvCoV9aQGUpbJBj1QRm2ytRiVQBD/fsw7L2bJGDVQswBA=="
    }
  }
}
